// !$*UTF8*$!
{
	archiveVersion = 1;
	classes = {
	};
	objectVersion = 46;
	objects = {

/* Begin PBXBuildFile section */
		EF23C8BA1E8340CA00E84B72 /* slime_arenas.c in Sources */ = {isa = PBXBuildFile; fileRef = EF23C8B81E8340CA00E84B72 /* slime_arenas.c */; };
		EF23C8BF1E83EBED00E84B72 /* test_structures.c in Sources */ = {isa = PBXBuildFile; fileRef = EF23C8BD1E83EBED00E84B72 /* test_structures.c */; };
		EF5292401E59F9BD0097D5DB /* main.c in Sources */ = {isa = PBXBuildFile; fileRef = EF52923F1E59F9BD0097D5DB /* main.c */; };
		EF5292481E59FAD70097D5DB /* slime_lists.c in Sources */ = {isa = PBXBuildFile; fileRef = EF5292461E59FAD70097D5DB /* slime_lists.c */; };
		EF52924B1E5C8A7A0097D5DB /* slime_priority_lists.c in Sources */ = {isa = PBXBuildFile; fileRef = EF5292491E5C8A7A0097D5DB /* slime_priority_lists.c */; };
		EFE06BFD1E61CD5300B010C8 /* slime_stacks.c in Sources */ = {isa = PBXBuildFile; fileRef = EFE06BFB1E61CD5300B010C8 /* slime_stacks.c */; };
		EFE06C001E7A10A600B010C8 /* slime_list_nodes.c in Sources */ = {isa = PBXBuildFile; fileRef = EFE06BFE1E7A10A600B010C8 /* slime_list_nodes.c */; };
/* End PBXBuildFile section */

/* Begin PBXCopyFilesBuildPhase section */
		EF52923A1E59F9BD0097D5DB /* CopyFiles */ = {
			isa = PBXCopyFilesBuildPhase;
			buildActionMask = 2147483647;
			dstPath = /usr/share/man/man1/;
			dstSubfolderSpec = 0;
			files = (
			);
			runOnlyForDeploymentPostprocessing = 1;
		};
/* End PBXCopyFilesBuildPhase section */

/* Begin PBXFileReference section */
		EF23C8B81E8340CA00E84B72 /* slime_arenas.c */ = {isa = PBXFileReference; fileEncoding = 4; lastKnownFileType = sourcecode.c.c; path = slime_arenas.c; sourceTree = "<group>"; };
		EF23C8B91E8340CA00E84B72 /* slime_arenas.h */ = {isa = PBXFileReference; fileEncoding = 4; lastKnownFileType = sourcecode.c.h; path = slime_arenas.h; sourceTree = "<group>"; };
		EF23C8BD1E83EBED00E84B72 /* test_structures.c */ = {isa = PBXFileReference; fileEncoding = 4; lastKnownFileType = sourcecode.c.c; path = test_structures.c; sourceTree = "<group>"; };
		EF23C8BE1E83EBED00E84B72 /* test_structures.h */ = {isa = PBXFileReference; fileEncoding = 4; lastKnownFileType = sourcecode.c.h; path = test_structures.h; sourceTree = "<group>"; };
		EF52923C1E59F9BD0097D5DB /* Slime ADT x */ = {isa = PBXFileReference; explicitFileType = "compiled.mach-o.executable"; includeInIndex = 0; path = "Slime ADT x"; sourceTree = BUILT_PRODUCTS_DIR; };
		EF52923F1E59F9BD0097D5DB /* main.c */ = {isa = PBXFileReference; lastKnownFileType = sourcecode.c.c; path = main.c; sourceTree = "<group>"; };
		EF5292461E59FAD70097D5DB /* slime_lists.c */ = {isa = PBXFileReference; fileEncoding = 4; lastKnownFileType = sourcecode.c.c; path = slime_lists.c; sourceTree = "<group>"; };
		EF5292471E59FAD70097D5DB /* slime_lists.h */ = {isa = PBXFileReference; fileEncoding = 4; lastKnownFileType = sourcecode.c.h; path = slime_lists.h; sourceTree = "<group>"; };
		EF5292491E5C8A7A0097D5DB /* slime_priority_lists.c */ = {isa = PBXFileReference; fileEncoding = 4; lastKnownFileType = sourcecode.c.c; path = slime_priority_lists.c; sourceTree = "<group>"; };
		EF52924A1E5C8A7A0097D5DB /* slime_priority_lists.h */ = {isa = PBXFileReference; fileEncoding = 4; lastKnownFileType = sourcecode.c.h; path = slime_priority_lists.h; sourceTree = "<group>"; };
		EFE06BFB1E61CD5300B010C8 /* slime_stacks.c */ = {isa = PBXFileReference; fileEncoding = 4; lastKnownFileType = sourcecode.c.c; path = slime_stacks.c; sourceTree = "<group>"; };
		EFE06BFC1E61CD5300B010C8 /* slime_stacks.h */ = {isa = PBXFileReference; fileEncoding = 4; lastKnownFileType = sourcecode.c.h; path = slime_stacks.h; sourceTree = "<group>"; };
		EFE06BFE1E7A10A600B010C8 /* slime_list_nodes.c */ = {isa = PBXFileReference; fileEncoding = 4; lastKnownFileType = sourcecode.c.c; path = slime_list_nodes.c; sourceTree = "<group>"; };
		EFE06C031E7D771900B010C8 /* slime_list_nodes_reference.h */ = {isa = PBXFileReference; lastKnownFileType = sourcecode.c.h; path = slime_list_nodes_reference.h; sourceTree = "<group>"; };
		EFE06C041E7D772900B010C8 /* slime_list_nodes_access.h */ = {isa = PBXFileReference; lastKnownFileType = sourcecode.c.h; path = slime_list_nodes_access.h; sourceTree = "<group>"; };
/* End PBXFileReference section */

/* Begin PBXFrameworksBuildPhase section */
		EF5292391E59F9BD0097D5DB /* Frameworks */ = {
			isa = PBXFrameworksBuildPhase;
			buildActionMask = 2147483647;
			files = (
			);
			runOnlyForDeploymentPostprocessing = 0;
		};
/* End PBXFrameworksBuildPhase section */

/* Begin PBXGroup section */
		EF23C8BB1E83EB6800E84B72 /* ADT */ = {
			isa = PBXGroup;
			children = (
				EFE06BFE1E7A10A600B010C8 /* slime_list_nodes.c */,
				EFE06C041E7D772900B010C8 /* slime_list_nodes_access.h */,
				EFE06C031E7D771900B010C8 /* slime_list_nodes_reference.h */,
				EF5292461E59FAD70097D5DB /* slime_lists.c */,
				EF5292471E59FAD70097D5DB /* slime_lists.h */,
				EFE06BFB1E61CD5300B010C8 /* slime_stacks.c */,
				EFE06BFC1E61CD5300B010C8 /* slime_stacks.h */,
				EF5292491E5C8A7A0097D5DB /* slime_priority_lists.c */,
				EF52924A1E5C8A7A0097D5DB /* slime_priority_lists.h */,
				EF23C8B81E8340CA00E84B72 /* slime_arenas.c */,
				EF23C8B91E8340CA00E84B72 /* slime_arenas.h */,
			);
			name = ADT;
			sourceTree = "<group>";
		};
		EF23C8BC1E83EB7700E84B72 /* Testing */ = {
			isa = PBXGroup;
			children = (
				EF23C8BD1E83EBED00E84B72 /* test_structures.c */,
				EF23C8BE1E83EBED00E84B72 /* test_structures.h */,
			);
			name = Testing;
			sourceTree = "<group>";
		};
		EF5292331E59F9BD0097D5DB = {
			isa = PBXGroup;
			children = (
				EF52923E1E59F9BD0097D5DB /* Slime ADT x */,
				EF52923D1E59F9BD0097D5DB /* Products */,
			);
			sourceTree = "<group>";
		};
		EF52923D1E59F9BD0097D5DB /* Products */ = {
			isa = PBXGroup;
			children = (
				EF52923C1E59F9BD0097D5DB /* Slime ADT x */,
			);
			name = Products;
			sourceTree = "<group>";
		};
		EF52923E1E59F9BD0097D5DB /* Slime ADT x */ = {
			isa = PBXGroup;
			children = (
				EF52923F1E59F9BD0097D5DB /* main.c */,
				EF23C8BB1E83EB6800E84B72 /* ADT */,
				EF23C8BC1E83EB7700E84B72 /* Testing */,
			);
			path = "Slime ADT x";
			sourceTree = "<group>";
		};
/* End PBXGroup section */

/* Begin PBXNativeTarget section */
		EF52923B1E59F9BD0097D5DB /* Slime ADT x */ = {
			isa = PBXNativeTarget;
			buildConfigurationList = EF5292431E59F9BD0097D5DB /* Build configuration list for PBXNativeTarget "Slime ADT x" */;
			buildPhases = (
				EF5292381E59F9BD0097D5DB /* Sources */,
				EF5292391E59F9BD0097D5DB /* Frameworks */,
				EF52923A1E59F9BD0097D5DB /* CopyFiles */,
			);
			buildRules = (
			);
			dependencies = (
			);
			name = "Slime ADT x";
			productName = "Slime ADT x";
			productReference = EF52923C1E59F9BD0097D5DB /* Slime ADT x */;
			productType = "com.apple.product-type.tool";
		};
/* End PBXNativeTarget section */

/* Begin PBXProject section */
		EF5292341E59F9BD0097D5DB /* Project object */ = {
			isa = PBXProject;
			attributes = {
				LastUpgradeCheck = 0820;
				ORGANIZATIONNAME = bungo2dungo;
				TargetAttributes = {
					EF52923B1E59F9BD0097D5DB = {
						CreatedOnToolsVersion = 8.2.1;
						ProvisioningStyle = Automatic;
					};
				};
			};
			buildConfigurationList = EF5292371E59F9BD0097D5DB /* Build configuration list for PBXProject "Slime ADT x" */;
			compatibilityVersion = "Xcode 3.2";
			developmentRegion = English;
			hasScannedForEncodings = 0;
			knownRegions = (
				en,
			);
			mainGroup = EF5292331E59F9BD0097D5DB;
			productRefGroup = EF52923D1E59F9BD0097D5DB /* Products */;
			projectDirPath = "";
			projectRoot = "";
			targets = (
				EF52923B1E59F9BD0097D5DB /* Slime ADT x */,
			);
		};
/* End PBXProject section */

/* Begin PBXSourcesBuildPhase section */
		EF5292381E59F9BD0097D5DB /* Sources */ = {
			isa = PBXSourcesBuildPhase;
			buildActionMask = 2147483647;
			files = (
				EF23C8BA1E8340CA00E84B72 /* slime_arenas.c in Sources */,
				EF23C8BF1E83EBED00E84B72 /* test_structures.c in Sources */,
				EF5292481E59FAD70097D5DB /* slime_lists.c in Sources */,
				EF52924B1E5C8A7A0097D5DB /* slime_priority_lists.c in Sources */,
				EFE06BFD1E61CD5300B010C8 /* slime_stacks.c in Sources */,
				EFE06C001E7A10A600B010C8 /* slime_list_nodes.c in Sources */,
				EF5292401E59F9BD0097D5DB /* main.c in Sources */,
			);
			runOnlyForDeploymentPostprocessing = 0;
		};
/* End PBXSourcesBuildPhase section */

/* Begin XCBuildConfiguration section */
		EF5292411E59F9BD0097D5DB /* Debug */ = {
			isa = XCBuildConfiguration;
			buildSettings = {
				ALWAYS_SEARCH_USER_PATHS = NO;
				CLANG_ANALYZER_NONNULL = YES;
				CLANG_CXX_LANGUAGE_STANDARD = "gnu++0x";
				CLANG_CXX_LIBRARY = "libc++";
				CLANG_ENABLE_MODULES = YES;
				CLANG_ENABLE_OBJC_ARC = YES;
				CLANG_WARN_BOOL_CONVERSION = YES;
				CLANG_WARN_CONSTANT_CONVERSION = YES;
				CLANG_WARN_DIRECT_OBJC_ISA_USAGE = YES_ERROR;
				CLANG_WARN_DOCUMENTATION_COMMENTS = YES;
				CLANG_WARN_EMPTY_BODY = YES;
				CLANG_WARN_ENUM_CONVERSION = YES;
				CLANG_WARN_INFINITE_RECURSION = YES;
				CLANG_WARN_INT_CONVERSION = YES;
				CLANG_WARN_OBJC_ROOT_CLASS = YES_ERROR;
				CLANG_WARN_SUSPICIOUS_MOVE = YES;
				CLANG_WARN_UNREACHABLE_CODE = YES;
				CLANG_WARN__DUPLICATE_METHOD_MATCH = YES;
				CODE_SIGN_IDENTITY = "-";
				COPY_PHASE_STRIP = NO;
				DEBUG_INFORMATION_FORMAT = dwarf;
				ENABLE_STRICT_OBJC_MSGSEND = YES;
				ENABLE_TESTABILITY = YES;
				GCC_C_LANGUAGE_STANDARD = gnu99;
				GCC_DYNAMIC_NO_PIC = NO;
				GCC_NO_COMMON_BLOCKS = YES;
				GCC_OPTIMIZATION_LEVEL = 0;
				GCC_PREPROCESSOR_DEFINITIONS = (
					"DEBUG=1",
					"$(inherited)",
				);
				GCC_WARN_64_TO_32_BIT_CONVERSION = YES;
				GCC_WARN_ABOUT_RETURN_TYPE = YES_ERROR;
				GCC_WARN_UNDECLARED_SELECTOR = YES;
				GCC_WARN_UNINITIALIZED_AUTOS = YES_AGGRESSIVE;
				GCC_WARN_UNUSED_FUNCTION = YES;
				GCC_WARN_UNUSED_VARIABLE = YES;
				MACOSX_DEPLOYMENT_TARGET = 10.11;
				MTL_ENABLE_DEBUG_INFO = YES;
				ONLY_ACTIVE_ARCH = YES;
				SDKROOT = macosx;
			};
			name = Debug;
		};
		EF5292421E59F9BD0097D5DB /* Release */ = {
			isa = XCBuildConfiguration;
			buildSettings = {
				ALWAYS_SEARCH_USER_PATHS = NO;
				CLANG_ANALYZER_NONNULL = YES;
				CLANG_CXX_LANGUAGE_STANDARD = "gnu++0x";
				CLANG_CXX_LIBRARY = "libc++";
				CLANG_ENABLE_MODULES = YES;
				CLANG_ENABLE_OBJC_ARC = YES;
				CLANG_WARN_BOOL_CONVERSION = YES;
				CLANG_WARN_CONSTANT_CONVERSION = YES;
				CLANG_WARN_DIRECT_OBJC_ISA_USAGE = YES_ERROR;
				CLANG_WARN_DOCUMENTATION_COMMENTS = YES;
				CLANG_WARN_EMPTY_BODY = YES;
				CLANG_WARN_ENUM_CONVERSION = YES;
				CLANG_WARN_INFINITE_RECURSION = YES;
				CLANG_WARN_INT_CONVERSION = YES;
				CLANG_WARN_OBJC_ROOT_CLASS = YES_ERROR;
				CLANG_WARN_SUSPICIOUS_MOVE = YES;
				CLANG_WARN_UNREACHABLE_CODE = YES;
				CLANG_WARN__DUPLICATE_METHOD_MATCH = YES;
				CODE_SIGN_IDENTITY = "-";
				COPY_PHASE_STRIP = NO;
				DEBUG_INFORMATION_FORMAT = "dwarf-with-dsym";
				ENABLE_NS_ASSERTIONS = NO;
				ENABLE_STRICT_OBJC_MSGSEND = YES;
				GCC_C_LANGUAGE_STANDARD = gnu99;
				GCC_NO_COMMON_BLOCKS = YES;
				GCC_WARN_64_TO_32_BIT_CONVERSION = YES;
				GCC_WARN_ABOUT_RETURN_TYPE = YES_ERROR;
				GCC_WARN_UNDECLARED_SELECTOR = YES;
				GCC_WARN_UNINITIALIZED_AUTOS = YES_AGGRESSIVE;
				GCC_WARN_UNUSED_FUNCTION = YES;
				GCC_WARN_UNUSED_VARIABLE = YES;
				MACOSX_DEPLOYMENT_TARGET = 10.11;
				MTL_ENABLE_DEBUG_INFO = NO;
				SDKROOT = macosx;
			};
			name = Release;
		};
		EF5292441E59F9BD0097D5DB /* Debug */ = {
			isa = XCBuildConfiguration;
			buildSettings = {
				PRODUCT_NAME = "$(TARGET_NAME)";
			};
			name = Debug;
		};
		EF5292451E59F9BD0097D5DB /* Release */ = {
			isa = XCBuildConfiguration;
			buildSettings = {
				PRODUCT_NAME = "$(TARGET_NAME)";
			};
			name = Release;
		};
/* End XCBuildConfiguration section */

/* Begin XCConfigurationList section */
		EF5292371E59F9BD0097D5DB /* Build configuration list for PBXProject "Slime ADT x" */ = {
			isa = XCConfigurationList;
			buildConfigurations = (
				EF5292411E59F9BD0097D5DB /* Debug */,
				EF5292421E59F9BD0097D5DB /* Release */,
			);
			defaultConfigurationIsVisible = 0;
			defaultConfigurationName = Release;
		};
		EF5292431E59F9BD0097D5DB /* Build configuration list for PBXNativeTarget "Slime ADT x" */ = {
			isa = XCConfigurationList;
			buildConfigurations = (
				EF5292441E59F9BD0097D5DB /* Debug */,
				EF5292451E59F9BD0097D5DB /* Release */,
			);
			defaultConfigurationIsVisible = 0;
			defaultConfigurationName = Release;
		};
/* End XCConfigurationList section */
	};
	rootObject = EF5292341E59F9BD0097D5DB /* Project object */;
}
